# Windows x64 / CPython 3.12 only. PyPI wheel SHA256 verified.
cffi==2.1.1 --hash=sha256:f53e442b08449d42821fa4a4fba000095af9f62742a500f978a9f557ec44339a
cryptography==46.0.3 --hash=sha256:a9a3008438615669153eb86b26b61e09993921ebdd75385ddd748702c5adfddb
pycparser==3.0 --hash=sha256:b727414169a36b7d524c1c3e31839a521725078d7b2ff038656844266160a992
pywin32==311 --hash=sha256:b8c095edad5c211ff31c05223658e71bf7116daa0ecf3ad85f3201ea3190d067
sqlcipher3==0.6.2 --hash=sha256:8bd60ffb7bfa65bd0e51da3d5c308553d7149f0091d4ea9f754c33d5ebbf0a66
zstandard==0.25.0 --hash=sha256:ffef5a74088f1e09947aecf91011136665152e0b4b359c42be3373897fb39b01
pypandoc-binary==1.17 --hash=sha256:76fae066cd2d7e78fb97f0ec8e9e36f437b07187b689b0b415ca18216f8f898a
